
Microsoft Visual Studio Solution File, Format Version 12.00
# Visual Studio Version 16
VisualStudioVersion = 16.0.30330.147
MinimumVisualStudioVersion = 10.0.40219.1
Project("{9A19103F-16F7-4668-BE54-9A1E7A4F7556}") = "AzureBlobStorageLRS", "AzureBlobStorageLRS.csproj", "{B8C3CACF-683C-4D3E-B466-24A35AFCC3FF}"
EndProject
Global
	GlobalSection(SolutionConfigurationPlatforms) = preSolution
		Debug|Any CPU = Debug|Any CPU
		Release|Any CPU = Release|Any CPU
	EndGlobalSection
	GlobalSection(ProjectConfigurationPlatforms) = postSolution
		{B8C3CACF-683C-4D3E-B466-24A35AFCC3FF}.Debug|Any CPU.ActiveCfg = Debug|Any CPU
		{B8C3CACF-683C-4D3E-B466-24A35AFCC3FF}.Debug|Any CPU.Build.0 = Debug|Any CPU
		{B8C3CACF-683C-4D3E-B466-24A35AFCC3FF}.Release|Any CPU.ActiveCfg = Release|Any CPU
		{B8C3CACF-683C-4D3E-B466-24A35AFCC3FF}.Release|Any CPU.Build.0 = Release|Any CPU
	EndGlobalSection
	GlobalSection(SolutionProperties) = preSolution
		HideSolutionNode = FALSE
	EndGlobalSection
	GlobalSection(ExtensibilityGlobals) = postSolution
		SolutionGuid = {349E410F-C069-4DD6-AB6D-DB47004CC5BB}
	EndGlobalSection
EndGlobal
